
Microsoft Visual Studio Solution File, Format Version 12.00
# Visual Studio 2013
VisualStudioVersion = 12.0.30501.0
MinimumVisualStudioVersion = 10.0.40219.1
Project("{FAE04EC0-301F-11D3-BF4B-00C04F79EFBC}") = "AngularTestingAndDemo", "AngularTestingAndDemo\AngularTestingAndDemo.csproj", "{6C976225-61CE-4906-8D9E-7CE9BDDC24FD}"
EndProject
Project("{FAE04EC0-301F-11D3-BF4B-00C04F79EFBC}") = "WeLearnControllers", "WeLearnControllers\WeLearnControllers.csproj", "{96E00A09-A4CC-49D3-B4A7-7DE8464BBCDB}"
EndProject
Project("{FAE04EC0-301F-11D3-BF4B-00C04F79EFBC}") = "WeLearnLib", "WeLearnLib\WeLearnLib.csproj", "{D10D6180-C59F-4582-B3C5-D8B09FC8FD6A}"
EndProject
Global
	GlobalSection(SolutionConfigurationPlatforms) = preSolution
		Debug|Any CPU = Debug|Any CPU
		Release|Any CPU = Release|Any CPU
	EndGlobalSection
	GlobalSection(ProjectConfigurationPlatforms) = postSolution
		{6C976225-61CE-4906-8D9E-7CE9BDDC24FD}.Debug|Any CPU.ActiveCfg = Debug|Any CPU
		{6C976225-61CE-4906-8D9E-7CE9BDDC24FD}.Debug|Any CPU.Build.0 = Debug|Any CPU
		{6C976225-61CE-4906-8D9E-7CE9BDDC24FD}.Debug|Any CPU.Deploy.0 = Debug|Any CPU
		{6C976225-61CE-4906-8D9E-7CE9BDDC24FD}.Release|Any CPU.ActiveCfg = Release|Any CPU
		{6C976225-61CE-4906-8D9E-7CE9BDDC24FD}.Release|Any CPU.Build.0 = Release|Any CPU
		{96E00A09-A4CC-49D3-B4A7-7DE8464BBCDB}.Debug|Any CPU.ActiveCfg = Debug|Any CPU
		{96E00A09-A4CC-49D3-B4A7-7DE8464BBCDB}.Debug|Any CPU.Build.0 = Debug|Any CPU
		{96E00A09-A4CC-49D3-B4A7-7DE8464BBCDB}.Release|Any CPU.ActiveCfg = Release|Any CPU
		{96E00A09-A4CC-49D3-B4A7-7DE8464BBCDB}.Release|Any CPU.Build.0 = Release|Any CPU
		{D10D6180-C59F-4582-B3C5-D8B09FC8FD6A}.Debug|Any CPU.ActiveCfg = Debug|Any CPU
		{D10D6180-C59F-4582-B3C5-D8B09FC8FD6A}.Debug|Any CPU.Build.0 = Debug|Any CPU
		{D10D6180-C59F-4582-B3C5-D8B09FC8FD6A}.Release|Any CPU.ActiveCfg = Release|Any CPU
		{D10D6180-C59F-4582-B3C5-D8B09FC8FD6A}.Release|Any CPU.Build.0 = Release|Any CPU
	EndGlobalSection
	GlobalSection(SolutionProperties) = preSolution
		HideSolutionNode = FALSE
	EndGlobalSection
EndGlobal
